{
    "_readme": [
        "This file locks the dependencies of your project to a known state",
        "Read more about it at https://getcomposer.org/doc/01-basic-usage.md#installing-dependencies",
        "This file is @generated automatically"
    ],
    "content-hash": "d5ff1144305175163a91a336e0acde28",
    "packages": [
        {
            "name": "php-ds/php-ds",
            "version": "dev-master",
            "source": {
                "type": "git",
                "url": "https://github.com/php-ds/polyfill.git",
                "reference": "5af86a08d5a37239092a6f6066aafa00bdf37ea0"
            },
            "dist": {
                "type": "zip",
                "url": "https://api.github.com/repos/php-ds/polyfill/zipball/5af86a08d5a37239092a6f6066aafa00bdf37ea0",
                "reference": "5af86a08d5a37239092a6f6066aafa00bdf37ea0",
                "shasum": ""
            },
            "require": {
                "php": ">=7.0.0"
            },
            "require-dev": {
                "php-ds/tests": "^1.2"
            },
            "suggest": {
                "ext-ds": "to improve performance and reduce memory usage"
            },
            "type": "library",
            "autoload": {
                "psr-4": {
                    "Ds\\": "src"
                }
            },
            "notification-url": "https://packagist.org/downloads/",
            "license": [
                "MIT"
            ],
            "authors": [
                {
                    "name": "Rudi Theunissen",
                    "email": "rudolf.theunissen@gmail.com"
                }
            ],
            "keywords": [
                "data structures",
                "ds",
                "php",
                "polyfill"
            ],
            "time": "2019-05-28T19:52:55+00:00"
        },
        {
            "name": "symfony/polyfill-mbstring",
            "version": "dev-master",
            "source": {
                "type": "git",
                "url": "https://github.com/symfony/polyfill-mbstring.git",
                "reference": "a874bbf9135bd76175baa2c26d14312c9ef25543"
            },
            "dist": {
                "type": "zip",
                "url": "https://api.github.com/repos/symfony/polyfill-mbstring/zipball/a874bbf9135bd76175baa2c26d14312c9ef25543",
                "reference": "a874bbf9135bd76175baa2c26d14312c9ef25543",
                "shasum": ""
            },
            "require": {
                "php": ">=5.3.3"
            },
            "suggest": {
                "ext-mbstring": "For best performance"
            },
            "type": "library",
            "extra": {
                "branch-alias": {
                    "dev-master": "1.12-dev"
                }
            },
            "autoload": {
                "psr-4": {
                    "Symfony\\Polyfill\\Mbstring\\": ""
                },
                "files": [
                    "bootstrap.php"
                ]
            },
            "notification-url": "https://packagist.org/downloads/",
            "license": [
                "MIT"
            ],
            "authors": [
                {
                    "name": "Nicolas Grekas",
                    "email": "p@tchwork.com"
                },
                {
                    "name": "Symfony Community",
                    "homepage": "https://symfony.com/contributors"
                }
            ],
            "description": "Symfony polyfill for the Mbstring extension",
            "homepage": "https://symfony.com",
            "keywords": [
                "compatibility",
                "mbstring",
                "polyfill",
                "portable",
                "shim"
            ],
            "time": "2019-09-17T10:46:08+00:00"
        },
        {
            "name": "symfony/var-dumper",
            "version": "v3.0.0",
            "source": {
                "type": "git",
                "url": "https://github.com/symfony/var-dumper.git",
                "reference": "737e07704cca83f9dd0af926d45ce27eedc25657"
            },
            "dist": {
                "type": "zip",
                "url": "https://api.github.com/repos/symfony/var-dumper/zipball/737e07704cca83f9dd0af926d45ce27eedc25657",
                "reference": "737e07704cca83f9dd0af926d45ce27eedc25657",
                "shasum": ""
            },
            "require": {
                "php": ">=5.5.9",
                "symfony/polyfill-mbstring": "~1.0"
            },
            "require-dev": {
                "twig/twig": "~1.20|~2.0"
            },
            "suggest": {
                "ext-symfony_debug": ""
            },
            "type": "library",
            "extra": {
                "branch-alias": {
                    "dev-master": "3.0-dev"
                }
            },
            "autoload": {
                "files": [
                    "Resources/functions/dump.php"
                ],
                "psr-4": {
                    "Symfony\\Component\\VarDumper\\": ""
                },
                "exclude-from-classmap": [
                    "/Tests/"
                ]
            },
            "notification-url": "https://packagist.org/downloads/",
            "license": [
                "MIT"
            ],
            "authors": [
                {
                    "name": "Nicolas Grekas",
                    "email": "p@tchwork.com"
                },
                {
                    "name": "Symfony Community",
                    "homepage": "https://symfony.com/contributors"
                }
            ],
            "description": "Symfony mechanism for exploring and dumping PHP variables",
            "homepage": "https://symfony.com",
            "keywords": [
                "debug",
                "dump"
            ],
            "time": "2015-11-18T13:48:51+00:00"
        },
        {
            "name": "tla/eaf-parser",
            "version": "dev-master",
            "source": {
                "type": "git",
                "url": "https://github.com/TheLanguageArchive/EAF-parser.git",
                "reference": "419ee07822de4c73a9c0b9a87c3ea1a9049fa8e6"
            },
            "dist": {
                "type": "zip",
                "url": "https://api.github.com/repos/TheLanguageArchive/EAF-parser/zipball/419ee07822de4c73a9c0b9a87c3ea1a9049fa8e6",
                "reference": "419ee07822de4c73a9c0b9a87c3ea1a9049fa8e6",
                "shasum": ""
            },
            "require": {
                "php": ">=7.1.0",
                "php-ds/php-ds": "dev-master"
            },
            "require-dev": {
                "symfony/var-dumper": "4.4.x-dev"
            },
            "type": "library",
            "autoload": {
                "psr-4": {
                    "TLA\\EAF\\": "src/"
                }
            },
            "license": [
                "Gnu Public License 2"
            ],
            "authors": [
                {
                    "name": "Ibrahim Abdullah",
                    "email": "abdul.ibrahim16@gmail.com"
                }
            ],
            "description": "EAF annotation parser and resolver",
            "support": {
                "source": "https://github.com/TheLanguageArchive/EAF-parser/tree/master",
                "issues": "https://github.com/TheLanguageArchive/EAF-parser/issues"
            },
            "time": "2019-10-15T14:31:46+00:00"
        }
    ],
    "packages-dev": [],
    "aliases": [],
    "minimum-stability": "dev",
    "stability-flags": {
        "tla/eaf-parser": 20
    },
    "prefer-stable": false,
    "prefer-lowest": false,
    "platform": [],
    "platform-dev": []
}
