{
  "requires": true,
  "lockfileVersion": 1,
  "dependencies": {
    "@angular/animations": {
      "version": "9.0.0-next.2",
      "resolved": "https://registry.npmjs.org/@angular/animations/-/animations-9.0.0-next.2.tgz",
      "integrity": "sha512-Fx0jqxbxC6/wKowPsKG0vUKaf8cu2/8eKx5/UVoRvdC2S0at3Ud49SKvJD0XcSL1tqVFbYOAvURmkNZSFQlLGA==",
      "requires": {
        "tslib": "^1.9.0"
      }
    },
    "@angular/common": {
      "version": "9.0.0-next.2",
      "resolved": "https://registry.npmjs.org/@angular/common/-/common-9.0.0-next.2.tgz",
      "integrity": "sha512-kBTuqoJo2L318+sVQJWmL6gJDSxdkqpdXWb4QPa5P7tk1/ptPXDD4w5qBA3yXfZfD1bUFP37URVhVA/h+CyNDQ==",
      "requires": {
        "tslib": "^1.9.0"
      }
    },
    "@angular/compiler": {
      "version": "9.0.0-next.2",
      "resolved": "https://registry.npmjs.org/@angular/compiler/-/compiler-9.0.0-next.2.tgz",
      "integrity": "sha512-D4yrilNn3DTRn9O/Z6Y/zkAEwZjTDwJvDETnXjK3FDrSOATavUq3GHHsVJcC43QvPSVWoX7biuRpI225oNB1EQ==",
      "requires": {
        "tslib": "^1.9.0"
      }
    },
    "@angular/core": {
      "version": "9.0.0-next.2",
      "resolved": "https://registry.npmjs.org/@angular/core/-/core-9.0.0-next.2.tgz",
      "integrity": "sha512-ftoNegNFbCQm7zf9OOVgV/nUZfx8OQFWu/zwsm/hyonI7BicfZs/B1h2Tn9iemWzkcJzlnH4Cnh+2NV1jcTZuw==",
      "requires": {
        "tslib": "^1.9.0"
      }
    },
    "@angular/forms": {
      "version": "9.0.0-next.2",
      "resolved": "https://registry.npmjs.org/@angular/forms/-/forms-9.0.0-next.2.tgz",
      "integrity": "sha512-y8YXezn+VY4X2/h1eV4F2c3mCZ5eheyUtq3ZBEAsnrOH2czh3RVE2RuMr3gpXoGHSqq74iGHDCt0qi4ka4R8tQ==",
      "requires": {
        "tslib": "^1.9.0"
      }
    },
    "@angular/platform-browser": {
      "version": "9.0.0-next.2",
      "resolved": "https://registry.npmjs.org/@angular/platform-browser/-/platform-browser-9.0.0-next.2.tgz",
      "integrity": "sha512-TSfKc70Uw7Ah1NSakJaPct88Gn6ovSlugVEBSBlr/IiY1Cu+/jeaNiSeDe1uBbk6c8W5KZVggRx0Bz46wEKPZA==",
      "requires": {
        "tslib": "^1.9.0"
      }
    },
    "@angular/platform-browser-dynamic": {
      "version": "9.0.0-next.2",
      "resolved": "https://registry.npmjs.org/@angular/platform-browser-dynamic/-/platform-browser-dynamic-9.0.0-next.2.tgz",
      "integrity": "sha512-WYooQcqDjqqVaMfy2jMUe8ErbWpOe0whpLboyXfuM7Fk7bQwVc3oPE1rPIiujhdbAresHzKnU0YvkC53I2xrkA==",
      "requires": {
        "tslib": "^1.9.0"
      }
    },
    "@angular/router": {
      "version": "9.0.0-next.2",
      "resolved": "https://registry.npmjs.org/@angular/router/-/router-9.0.0-next.2.tgz",
      "integrity": "sha512-NNYbcKi5ViiISXkNGTTdvOYsgvi6dI9P+WizBz+uItYcuqwBKog54I/4Byx8CMgGTyZALIzPDbDLXv118deA+Q==",
      "requires": {
        "tslib": "^1.9.0"
      }
    },
    "@tla/annotation-viewer": {
      "version": "https://github.com/thelanguagearchive/annotation_viewer/tarball/master",
      "integrity": "sha512-ZTAZ9qzDacBiaLs1dL+i7R4zVH3IBC0I3hzWvF1kMFTevMrCVUZ0opchPM5WJwg4rMboFFjEJd1Gqme03XA/Cw==",
      "requires": {
        "@angular/animations": "~9.0.0-next.2",
        "@angular/common": "~9.0.0-next.2",
        "@angular/compiler": "~9.0.0-next.2",
        "@angular/core": "~9.0.0-next.2",
        "@angular/forms": "~9.0.0-next.2",
        "@angular/platform-browser": "~9.0.0-next.2",
        "@angular/platform-browser-dynamic": "~9.0.0-next.2",
        "@angular/router": "~9.0.0-next.2",
        "concat": "^1.0.3",
        "core-js": "^2.5.4",
        "fs-extra": "^8.1.0",
        "hh-mm-ss": "^1.2.0",
        "rxjs": "~6.5.2",
        "tslib": "^1.9.0",
        "zone.js": "~0.9.1"
      }
    },
    "commander": {
      "version": "2.20.0",
      "resolved": "https://registry.npmjs.org/commander/-/commander-2.20.0.tgz",
      "integrity": "sha512-7j2y+40w61zy6YC2iRNpUe/NwhNyoXrYpHMrSunaMG64nRnaf96zO/KMQR4OyN/UnE5KLyEBnKHd4aG3rskjpQ=="
    },
    "concat": {
      "version": "1.0.3",
      "resolved": "https://registry.npmjs.org/concat/-/concat-1.0.3.tgz",
      "integrity": "sha1-QPM1MInWVGdpXLGIa0Xt1jfYzKg=",
      "requires": {
        "commander": "^2.9.0"
      }
    },
    "core-js": {
      "version": "2.6.9",
      "resolved": "https://registry.npmjs.org/core-js/-/core-js-2.6.9.tgz",
      "integrity": "sha512-HOpZf6eXmnl7la+cUdMnLvUxKNqLUzJvgIziQ0DiF3JwSImNphIqdGqzj6hIKyX04MmV0poclQ7+wjWvxQyR2A=="
    },
    "fs-extra": {
      "version": "8.1.0",
      "resolved": "https://registry.npmjs.org/fs-extra/-/fs-extra-8.1.0.tgz",
      "integrity": "sha512-yhlQgA6mnOJUKOsRUFsgJdQCvkKhcz8tlZG5HBQfReYZy46OwLcY+Zia0mtdHsOo9y/hP+CxMN0TU9QxoOtG4g==",
      "requires": {
        "graceful-fs": "^4.2.0",
        "jsonfile": "^4.0.0",
        "universalify": "^0.1.0"
      }
    },
    "graceful-fs": {
      "version": "4.2.2",
      "resolved": "https://registry.npmjs.org/graceful-fs/-/graceful-fs-4.2.2.tgz",
      "integrity": "sha512-IItsdsea19BoLC7ELy13q1iJFNmd7ofZH5+X/pJr90/nRoPEX0DJo1dHDbgtYWOhJhcCgMDTOw84RZ72q6lB+Q=="
    },
    "hh-mm-ss": {
      "version": "1.2.0",
      "resolved": "https://registry.npmjs.org/hh-mm-ss/-/hh-mm-ss-1.2.0.tgz",
      "integrity": "sha512-f4I9Hz1dLpX/3mrEs7yq30+FiuO3tt5NWAqAGeBTaoeoBfB8vhcQ3BphuDc5DjZb/K809agqrAaFlP0jhEU/8w==",
      "requires": {
        "zero-fill": "^2.2.3"
      }
    },
    "jsonfile": {
      "version": "4.0.0",
      "resolved": "https://registry.npmjs.org/jsonfile/-/jsonfile-4.0.0.tgz",
      "integrity": "sha1-h3Gq4HmbZAdrdmQPygWPnBDjPss=",
      "requires": {
        "graceful-fs": "^4.1.6"
      }
    },
    "rxjs": {
      "version": "6.5.2",
      "resolved": "https://registry.npmjs.org/rxjs/-/rxjs-6.5.2.tgz",
      "integrity": "sha512-HUb7j3kvb7p7eCUHE3FqjoDsC1xfZQ4AHFWfTKSpZ+sAhhz5X1WX0ZuUqWbzB2QhSLp3DoLUG+hMdEDKqWo2Zg==",
      "requires": {
        "tslib": "^1.9.0"
      }
    },
    "tslib": {
      "version": "1.10.0",
      "resolved": "https://registry.npmjs.org/tslib/-/tslib-1.10.0.tgz",
      "integrity": "sha512-qOebF53frne81cf0S9B41ByenJ3/IuH8yJKngAX35CmiZySA0khhkovshKK+jGCaMnVomla7gVlIcc3EvKPbTQ=="
    },
    "universalify": {
      "version": "0.1.2",
      "resolved": "https://registry.npmjs.org/universalify/-/universalify-0.1.2.tgz",
      "integrity": "sha512-rBJeI5CXAlmy1pV+617WB9J63U6XcazHHF2f2dbJix4XzpUF0RS3Zbj0FGIOCAva5P/d/GBOYaACQ1w+0azUkg=="
    },
    "zero-fill": {
      "version": "2.2.3",
      "resolved": "https://registry.npmjs.org/zero-fill/-/zero-fill-2.2.3.tgz",
      "integrity": "sha1-o97wa6XjmuZEhQu0yirUEStIVek="
    },
    "zone.js": {
      "version": "0.9.1",
      "resolved": "https://registry.npmjs.org/zone.js/-/zone.js-0.9.1.tgz",
      "integrity": "sha512-GkPiJL8jifSrKReKaTZ5jkhrMEgXbXYC+IPo1iquBjayRa0q86w3Dipjn8b415jpitMExe9lV8iTsv8tk3DGag=="
    }
  }
}
