{
  "requires": true,
  "lockfileVersion": 1,
  "dependencies": {
    "@angular/animations": {
      "version": "9.0.0-next.10",
      "resolved": "https://registry.npmjs.org/@angular/animations/-/animations-9.0.0-next.10.tgz",
      "integrity": "sha512-KEH0oW2JCIUCsdA6NjJIP8V0fEYWLkccYwBGXvlhDnNW5d5JLhNEpjugrFaREYIQD/Qguu71eoZDFTdaJr7e/g==",
      "requires": {
        "tslib": "^1.9.0"
      }
    },
    "@angular/common": {
      "version": "9.0.0-next.10",
      "resolved": "https://registry.npmjs.org/@angular/common/-/common-9.0.0-next.10.tgz",
      "integrity": "sha512-PrXIb+5f6IuZSgWpn0YpOWIYHCDcBJMihMBafHk+VaWtAPjdXGBo9PeBhXROPXGQrcMxorZHBCaj7REZcrh3Ug==",
      "requires": {
        "tslib": "^1.9.0"
      }
    },
    "@angular/compiler": {
      "version": "9.0.0-next.10",
      "resolved": "https://registry.npmjs.org/@angular/compiler/-/compiler-9.0.0-next.10.tgz",
      "integrity": "sha512-02+et2JJ8lkwBTFj+OiLcDat8mWgpLJRpUFFWzHJyEOIkfv/maDMmF6pQzI6X8YCyKaaOEIXaNZcfIYshewxJA==",
      "requires": {
        "tslib": "^1.9.0"
      }
    },
    "@angular/core": {
      "version": "9.0.0-next.10",
      "resolved": "https://registry.npmjs.org/@angular/core/-/core-9.0.0-next.10.tgz",
      "integrity": "sha512-YXQacLAB4yk1bFztUr0XdHCeZAMsX3UXxisEdJwB1TT+6XTthMC0rv4ja3pwgz6oXGRP7hSLKdx3UWj3xE2BLw==",
      "requires": {
        "tslib": "^1.9.0"
      }
    },
    "@angular/forms": {
      "version": "9.0.0-next.10",
      "resolved": "https://registry.npmjs.org/@angular/forms/-/forms-9.0.0-next.10.tgz",
      "integrity": "sha512-oBamuJ3Y7lLwnBGcrJUlmj4px8KtVj+elQPkUY54D/r394/RLmck839o62dljPR2vd0wVjhPKkbUl7aUIDrvEw==",
      "requires": {
        "tslib": "^1.9.0"
      }
    },
    "@angular/platform-browser": {
      "version": "9.0.0-next.10",
      "resolved": "https://registry.npmjs.org/@angular/platform-browser/-/platform-browser-9.0.0-next.10.tgz",
      "integrity": "sha512-PDcDscEwkEXhFhmiwn5dIs7MjmspgjeJJlW+JDHPPZntqgqiTIXiOhhDwvGyo0/Yi9cT1IP63w8gHbZp9Sx36w==",
      "requires": {
        "tslib": "^1.9.0"
      }
    },
    "@angular/platform-browser-dynamic": {
      "version": "9.0.0-next.10",
      "resolved": "https://registry.npmjs.org/@angular/platform-browser-dynamic/-/platform-browser-dynamic-9.0.0-next.10.tgz",
      "integrity": "sha512-RfDSqTZYHiHRc2j7OyppbrgYX1hTtUPqJOpNwytMwoyzwG3aHg9iNzlVw6h7b99euBxBpVwR96fmws2x52DFKw==",
      "requires": {
        "tslib": "^1.9.0"
      }
    },
    "@angular/router": {
      "version": "9.0.0-next.10",
      "resolved": "https://registry.npmjs.org/@angular/router/-/router-9.0.0-next.10.tgz",
      "integrity": "sha512-Il0KaD3Orm5HWGZvywJy8I9oH3uJVQZFX3FlZweaOsmlsAlrRw9tE4n51aOOVDff/NwJANdDLoQ5Kd8tBRqRPQ==",
      "requires": {
        "tslib": "^1.9.0"
      }
    },
    "@tla/annotation-viewer": {
      "version": "github:thelanguagearchive/annotation_viewer#47a39704376a28c1262881883b4a9ea286f2614b",
      "from": "github:thelanguagearchive/annotation_viewer#47a39704376a28c1262881883b4a9ea286f2614b",
      "requires": {
        "@angular/animations": "~9.0.0-next.2",
        "@angular/common": "~9.0.0-next.2",
        "@angular/compiler": "~9.0.0-next.2",
        "@angular/core": "~9.0.0-next.2",
        "@angular/forms": "~9.0.0-next.2",
        "@angular/platform-browser": "~9.0.0-next.2",
        "@angular/platform-browser-dynamic": "~9.0.0-next.2",
        "@angular/router": "~9.0.0-next.2",
        "concat": "^1.0.3",
        "core-js": "^2.5.4",
        "fs-extra": "^8.1.0",
        "hh-mm-ss": "^1.2.0",
        "rxjs": "~6.5.2",
        "tslib": "^1.9.0",
        "zone.js": "~0.9.1"
      }
    },
    "commander": {
      "version": "2.20.3",
      "resolved": "https://registry.npmjs.org/commander/-/commander-2.20.3.tgz",
      "integrity": "sha512-GpVkmM8vF2vQUkj2LvZmD35JxeJOLCwJ9cUkugyk2nuhbv3+mJvpLYYt+0+USMxE+oj+ey/lJEnhZw75x/OMcQ=="
    },
    "concat": {
      "version": "1.0.3",
      "resolved": "https://registry.npmjs.org/concat/-/concat-1.0.3.tgz",
      "integrity": "sha1-QPM1MInWVGdpXLGIa0Xt1jfYzKg=",
      "requires": {
        "commander": "^2.9.0"
      }
    },
    "core-js": {
      "version": "2.6.10",
      "resolved": "https://registry.npmjs.org/core-js/-/core-js-2.6.10.tgz",
      "integrity": "sha512-I39t74+4t+zau64EN1fE5v2W31Adtc/REhzWN+gWRRXg6WH5qAsZm62DHpQ1+Yhe4047T55jvzz7MUqF/dBBlA=="
    },
    "fs-extra": {
      "version": "8.1.0",
      "resolved": "https://registry.npmjs.org/fs-extra/-/fs-extra-8.1.0.tgz",
      "integrity": "sha512-yhlQgA6mnOJUKOsRUFsgJdQCvkKhcz8tlZG5HBQfReYZy46OwLcY+Zia0mtdHsOo9y/hP+CxMN0TU9QxoOtG4g==",
      "requires": {
        "graceful-fs": "^4.2.0",
        "jsonfile": "^4.0.0",
        "universalify": "^0.1.0"
      }
    },
    "graceful-fs": {
      "version": "4.2.2",
      "resolved": "https://registry.npmjs.org/graceful-fs/-/graceful-fs-4.2.2.tgz",
      "integrity": "sha512-IItsdsea19BoLC7ELy13q1iJFNmd7ofZH5+X/pJr90/nRoPEX0DJo1dHDbgtYWOhJhcCgMDTOw84RZ72q6lB+Q=="
    },
    "hh-mm-ss": {
      "version": "1.2.0",
      "resolved": "https://registry.npmjs.org/hh-mm-ss/-/hh-mm-ss-1.2.0.tgz",
      "integrity": "sha512-f4I9Hz1dLpX/3mrEs7yq30+FiuO3tt5NWAqAGeBTaoeoBfB8vhcQ3BphuDc5DjZb/K809agqrAaFlP0jhEU/8w==",
      "requires": {
        "zero-fill": "^2.2.3"
      }
    },
    "jsonfile": {
      "version": "4.0.0",
      "resolved": "https://registry.npmjs.org/jsonfile/-/jsonfile-4.0.0.tgz",
      "integrity": "sha1-h3Gq4HmbZAdrdmQPygWPnBDjPss=",
      "requires": {
        "graceful-fs": "^4.1.6"
      }
    },
    "rxjs": {
      "version": "6.5.3",
      "resolved": "https://registry.npmjs.org/rxjs/-/rxjs-6.5.3.tgz",
      "integrity": "sha512-wuYsAYYFdWTAnAaPoKGNhfpWwKZbJW+HgAJ+mImp+Epl7BG8oNWBCTyRM8gba9k4lk8BgWdoYm21Mo/RYhhbgA==",
      "requires": {
        "tslib": "^1.9.0"
      }
    },
    "tslib": {
      "version": "1.10.0",
      "resolved": "https://registry.npmjs.org/tslib/-/tslib-1.10.0.tgz",
      "integrity": "sha512-qOebF53frne81cf0S9B41ByenJ3/IuH8yJKngAX35CmiZySA0khhkovshKK+jGCaMnVomla7gVlIcc3EvKPbTQ=="
    },
    "universalify": {
      "version": "0.1.2",
      "resolved": "https://registry.npmjs.org/universalify/-/universalify-0.1.2.tgz",
      "integrity": "sha512-rBJeI5CXAlmy1pV+617WB9J63U6XcazHHF2f2dbJix4XzpUF0RS3Zbj0FGIOCAva5P/d/GBOYaACQ1w+0azUkg=="
    },
    "zero-fill": {
      "version": "2.2.3",
      "resolved": "https://registry.npmjs.org/zero-fill/-/zero-fill-2.2.3.tgz",
      "integrity": "sha1-o97wa6XjmuZEhQu0yirUEStIVek="
    },
    "zone.js": {
      "version": "0.9.1",
      "resolved": "https://registry.npmjs.org/zone.js/-/zone.js-0.9.1.tgz",
      "integrity": "sha512-GkPiJL8jifSrKReKaTZ5jkhrMEgXbXYC+IPo1iquBjayRa0q86w3Dipjn8b415jpitMExe9lV8iTsv8tk3DGag=="
    }
  }
}
