{
  "requires": true,
  "lockfileVersion": 1,
  "dependencies": {
    "@angular/animations": {
      "version": "9.0.0-next.3",
      "resolved": "https://registry.npmjs.org/@angular/animations/-/animations-9.0.0-next.3.tgz",
      "integrity": "sha512-wkAfZ21AH43qPuOKnNQn27KPuIGS4fPCOi+QtPI0E2QH0+iHaXnwVMjB7UYbZM/KMT2ewg0s/s2Jt82Oc3kxyg==",
      "requires": {
        "tslib": "^1.9.0"
      }
    },
    "@angular/common": {
      "version": "9.0.0-next.3",
      "resolved": "https://registry.npmjs.org/@angular/common/-/common-9.0.0-next.3.tgz",
      "integrity": "sha512-9j8QpL6F+AgTjuy7PLiK76v/tbU0XuDu+vx/hmoVSyEjt/zge4io/BgKv7/Ut+HgUfqjkusFZ/ystJ2OJ3XY3Q==",
      "requires": {
        "tslib": "^1.9.0"
      }
    },
    "@angular/compiler": {
      "version": "9.0.0-next.3",
      "resolved": "https://registry.npmjs.org/@angular/compiler/-/compiler-9.0.0-next.3.tgz",
      "integrity": "sha512-J+5tKY7IQcgDMLAg81UT9n5mFZ2/AaYM1eH6NLPe9qywTbHr2rqklrP0deAXny3LrDv/BzeB9XeMF3WaQnfsyQ==",
      "requires": {
        "tslib": "^1.9.0"
      }
    },
    "@angular/core": {
      "version": "9.0.0-next.3",
      "resolved": "https://registry.npmjs.org/@angular/core/-/core-9.0.0-next.3.tgz",
      "integrity": "sha512-BC8uaU60pvopSvtgSxb1rG/6vRz5J+KqPHz8E+laDsFqVcuXxOzdIJrFkYk+lVjoBZlKLppTmxstEj8wl2ZZYw==",
      "requires": {
        "tslib": "^1.9.0"
      }
    },
    "@angular/forms": {
      "version": "9.0.0-next.3",
      "resolved": "https://registry.npmjs.org/@angular/forms/-/forms-9.0.0-next.3.tgz",
      "integrity": "sha512-2fazhHaO7dw8NEnBvTeKGY37oiD3kMS0ifzrMX+qcR+v0i9Z/D7zQOSPod1ZFLKv3NT8RDMwzA/A9768Q9hk9Q==",
      "requires": {
        "tslib": "^1.9.0"
      }
    },
    "@angular/platform-browser": {
      "version": "9.0.0-next.3",
      "resolved": "https://registry.npmjs.org/@angular/platform-browser/-/platform-browser-9.0.0-next.3.tgz",
      "integrity": "sha512-PdSMzAq8akumBsC9BKx/Ra9UnX3eZPkB3PaMjOsoeVmqH4KRuZAsowrQR8z3f/2d33yPUrGLykjEc8l9aARNSQ==",
      "requires": {
        "tslib": "^1.9.0"
      }
    },
    "@angular/platform-browser-dynamic": {
      "version": "9.0.0-next.3",
      "resolved": "https://registry.npmjs.org/@angular/platform-browser-dynamic/-/platform-browser-dynamic-9.0.0-next.3.tgz",
      "integrity": "sha512-K/ewX4vv3vE2fn8SpLIqLqc6HMM8TbUo1gVjgwKs/n5b72Tk+vWG7gh8fuJzXd0OMYHVqOd7bmqZNjEO8FiY0w==",
      "requires": {
        "tslib": "^1.9.0"
      }
    },
    "@angular/router": {
      "version": "9.0.0-next.3",
      "resolved": "https://registry.npmjs.org/@angular/router/-/router-9.0.0-next.3.tgz",
      "integrity": "sha512-TKVwIMluyeBC3rRptIbXgs4EhZPYEjeNZM77Xc0HSnAYMWTk43i6cyVqj6PfdtVj4MfWR7gpyc+orrCZMuF+4A==",
      "requires": {
        "tslib": "^1.9.0"
      }
    },
    "@tla/annotation-viewer": {
      "version": "github:thelanguagearchive/annotation_viewer#2a973bc5ab6dd9df99b1f743f127501097129c00",
      "from": "github:thelanguagearchive/annotation_viewer#1.0.0",
      "requires": {
        "@angular/animations": "~9.0.0-next.2",
        "@angular/common": "~9.0.0-next.2",
        "@angular/compiler": "~9.0.0-next.2",
        "@angular/core": "~9.0.0-next.2",
        "@angular/forms": "~9.0.0-next.2",
        "@angular/platform-browser": "~9.0.0-next.2",
        "@angular/platform-browser-dynamic": "~9.0.0-next.2",
        "@angular/router": "~9.0.0-next.2",
        "concat": "^1.0.3",
        "core-js": "^2.5.4",
        "fs-extra": "^8.1.0",
        "hh-mm-ss": "^1.2.0",
        "rxjs": "~6.5.2",
        "tslib": "^1.9.0",
        "zone.js": "~0.9.1"
      }
    },
    "commander": {
      "version": "2.20.0",
      "resolved": "https://registry.npmjs.org/commander/-/commander-2.20.0.tgz",
      "integrity": "sha512-7j2y+40w61zy6YC2iRNpUe/NwhNyoXrYpHMrSunaMG64nRnaf96zO/KMQR4OyN/UnE5KLyEBnKHd4aG3rskjpQ=="
    },
    "concat": {
      "version": "1.0.3",
      "resolved": "https://registry.npmjs.org/concat/-/concat-1.0.3.tgz",
      "integrity": "sha1-QPM1MInWVGdpXLGIa0Xt1jfYzKg=",
      "requires": {
        "commander": "^2.9.0"
      }
    },
    "core-js": {
      "version": "2.6.9",
      "resolved": "https://registry.npmjs.org/core-js/-/core-js-2.6.9.tgz",
      "integrity": "sha512-HOpZf6eXmnl7la+cUdMnLvUxKNqLUzJvgIziQ0DiF3JwSImNphIqdGqzj6hIKyX04MmV0poclQ7+wjWvxQyR2A=="
    },
    "fs-extra": {
      "version": "8.1.0",
      "resolved": "https://registry.npmjs.org/fs-extra/-/fs-extra-8.1.0.tgz",
      "integrity": "sha512-yhlQgA6mnOJUKOsRUFsgJdQCvkKhcz8tlZG5HBQfReYZy46OwLcY+Zia0mtdHsOo9y/hP+CxMN0TU9QxoOtG4g==",
      "requires": {
        "graceful-fs": "^4.2.0",
        "jsonfile": "^4.0.0",
        "universalify": "^0.1.0"
      }
    },
    "graceful-fs": {
      "version": "4.2.2",
      "resolved": "https://registry.npmjs.org/graceful-fs/-/graceful-fs-4.2.2.tgz",
      "integrity": "sha512-IItsdsea19BoLC7ELy13q1iJFNmd7ofZH5+X/pJr90/nRoPEX0DJo1dHDbgtYWOhJhcCgMDTOw84RZ72q6lB+Q=="
    },
    "hh-mm-ss": {
      "version": "1.2.0",
      "resolved": "https://registry.npmjs.org/hh-mm-ss/-/hh-mm-ss-1.2.0.tgz",
      "integrity": "sha512-f4I9Hz1dLpX/3mrEs7yq30+FiuO3tt5NWAqAGeBTaoeoBfB8vhcQ3BphuDc5DjZb/K809agqrAaFlP0jhEU/8w==",
      "requires": {
        "zero-fill": "^2.2.3"
      }
    },
    "jsonfile": {
      "version": "4.0.0",
      "resolved": "https://registry.npmjs.org/jsonfile/-/jsonfile-4.0.0.tgz",
      "integrity": "sha1-h3Gq4HmbZAdrdmQPygWPnBDjPss=",
      "requires": {
        "graceful-fs": "^4.1.6"
      }
    },
    "rxjs": {
      "version": "6.5.2",
      "resolved": "https://registry.npmjs.org/rxjs/-/rxjs-6.5.2.tgz",
      "integrity": "sha512-HUb7j3kvb7p7eCUHE3FqjoDsC1xfZQ4AHFWfTKSpZ+sAhhz5X1WX0ZuUqWbzB2QhSLp3DoLUG+hMdEDKqWo2Zg==",
      "requires": {
        "tslib": "^1.9.0"
      }
    },
    "tslib": {
      "version": "1.10.0",
      "resolved": "https://registry.npmjs.org/tslib/-/tslib-1.10.0.tgz",
      "integrity": "sha512-qOebF53frne81cf0S9B41ByenJ3/IuH8yJKngAX35CmiZySA0khhkovshKK+jGCaMnVomla7gVlIcc3EvKPbTQ=="
    },
    "universalify": {
      "version": "0.1.2",
      "resolved": "https://registry.npmjs.org/universalify/-/universalify-0.1.2.tgz",
      "integrity": "sha512-rBJeI5CXAlmy1pV+617WB9J63U6XcazHHF2f2dbJix4XzpUF0RS3Zbj0FGIOCAva5P/d/GBOYaACQ1w+0azUkg=="
    },
    "zero-fill": {
      "version": "2.2.3",
      "resolved": "https://registry.npmjs.org/zero-fill/-/zero-fill-2.2.3.tgz",
      "integrity": "sha1-o97wa6XjmuZEhQu0yirUEStIVek="
    },
    "zone.js": {
      "version": "0.9.1",
      "resolved": "https://registry.npmjs.org/zone.js/-/zone.js-0.9.1.tgz",
      "integrity": "sha512-GkPiJL8jifSrKReKaTZ5jkhrMEgXbXYC+IPo1iquBjayRa0q86w3Dipjn8b415jpitMExe9lV8iTsv8tk3DGag=="
    }
  }
}
